
Microsoft Visual Studio Solution File, Format Version 12.00
# Visual Studio 15
VisualStudioVersion = 15.0.26730.10
MinimumVisualStudioVersion = 10.0.40219.1
Project("{8BC9CEB8-8B4A-11D0-8D11-00A0C91BC942}") = "Suite16-emulator", "Suite16-emulator\Suite16-emulator.vcxproj", "{3FFDD1DD-EC4A-4ABA-AAAE-4FDAE9BAC1AD}"
EndProject
Global
	GlobalSection(SolutionConfigurationPlatforms) = preSolution
		Debug|x64 = Debug|x64
		Debug|x86 = Debug|x86
		Release|x64 = Release|x64
		Release|x86 = Release|x86
	EndGlobalSection
	GlobalSection(ProjectConfigurationPlatforms) = postSolution
		{3FFDD1DD-EC4A-4ABA-AAAE-4FDAE9BAC1AD}.Debug|x64.ActiveCfg = Debug|x64
		{3FFDD1DD-EC4A-4ABA-AAAE-4FDAE9BAC1AD}.Debug|x64.Build.0 = Debug|x64
		{3FFDD1DD-EC4A-4ABA-AAAE-4FDAE9BAC1AD}.Debug|x86.ActiveCfg = Debug|Win32
		{3FFDD1DD-EC4A-4ABA-AAAE-4FDAE9BAC1AD}.Debug|x86.Build.0 = Debug|Win32
		{3FFDD1DD-EC4A-4ABA-AAAE-4FDAE9BAC1AD}.Release|x64.ActiveCfg = Release|x64
		{3FFDD1DD-EC4A-4ABA-AAAE-4FDAE9BAC1AD}.Release|x64.Build.0 = Release|x64
		{3FFDD1DD-EC4A-4ABA-AAAE-4FDAE9BAC1AD}.Release|x86.ActiveCfg = Release|Win32
		{3FFDD1DD-EC4A-4ABA-AAAE-4FDAE9BAC1AD}.Release|x86.Build.0 = Release|Win32
	EndGlobalSection
	GlobalSection(SolutionProperties) = preSolution
		HideSolutionNode = FALSE
	EndGlobalSection
	GlobalSection(ExtensibilityGlobals) = postSolution
		SolutionGuid = {CEC474D8-C7D8-4489-AEC8-D76DEC7CF319}
	EndGlobalSection
EndGlobal
